
Microsoft Visual Studio Solution File, Format Version 12.00
# Visual Studio 15
VisualStudioVersion = 15.0.26124.0
MinimumVisualStudioVersion = 15.0.26124.0
Project("{F2A71F9B-5D33-465A-A702-920D77279786}") = "Api0", "Api0\Api0.fsproj", "{7AC67E52-EDE8-4477-90ED-2AD2D607D36B}"
EndProject
Project("{F2A71F9B-5D33-465A-A702-920D77279786}") = "Api0.Tests", "Api0.Tests\Api0.Tests.fsproj", "{24B95334-A6FA-48D2-8861-3651E17A40FE}"
EndProject
Global
	GlobalSection(SolutionConfigurationPlatforms) = preSolution
		Debug|Any CPU = Debug|Any CPU
		Debug|x64 = Debug|x64
		Debug|x86 = Debug|x86
		Release|Any CPU = Release|Any CPU
		Release|x64 = Release|x64
		Release|x86 = Release|x86
	EndGlobalSection
	GlobalSection(SolutionProperties) = preSolution
		HideSolutionNode = FALSE
	EndGlobalSection
	GlobalSection(ProjectConfigurationPlatforms) = postSolution
		{7AC67E52-EDE8-4477-90ED-2AD2D607D36B}.Debug|Any CPU.ActiveCfg = Debug|Any CPU
		{7AC67E52-EDE8-4477-90ED-2AD2D607D36B}.Debug|Any CPU.Build.0 = Debug|Any CPU
		{7AC67E52-EDE8-4477-90ED-2AD2D607D36B}.Debug|x64.ActiveCfg = Debug|Any CPU
		{7AC67E52-EDE8-4477-90ED-2AD2D607D36B}.Debug|x64.Build.0 = Debug|Any CPU
		{7AC67E52-EDE8-4477-90ED-2AD2D607D36B}.Debug|x86.ActiveCfg = Debug|Any CPU
		{7AC67E52-EDE8-4477-90ED-2AD2D607D36B}.Debug|x86.Build.0 = Debug|Any CPU
		{7AC67E52-EDE8-4477-90ED-2AD2D607D36B}.Release|Any CPU.ActiveCfg = Release|Any CPU
		{7AC67E52-EDE8-4477-90ED-2AD2D607D36B}.Release|Any CPU.Build.0 = Release|Any CPU
		{7AC67E52-EDE8-4477-90ED-2AD2D607D36B}.Release|x64.ActiveCfg = Release|Any CPU
		{7AC67E52-EDE8-4477-90ED-2AD2D607D36B}.Release|x64.Build.0 = Release|Any CPU
		{7AC67E52-EDE8-4477-90ED-2AD2D607D36B}.Release|x86.ActiveCfg = Release|Any CPU
		{7AC67E52-EDE8-4477-90ED-2AD2D607D36B}.Release|x86.Build.0 = Release|Any CPU
		{24B95334-A6FA-48D2-8861-3651E17A40FE}.Debug|Any CPU.ActiveCfg = Debug|Any CPU
		{24B95334-A6FA-48D2-8861-3651E17A40FE}.Debug|Any CPU.Build.0 = Debug|Any CPU
		{24B95334-A6FA-48D2-8861-3651E17A40FE}.Debug|x64.ActiveCfg = Debug|Any CPU
		{24B95334-A6FA-48D2-8861-3651E17A40FE}.Debug|x64.Build.0 = Debug|Any CPU
		{24B95334-A6FA-48D2-8861-3651E17A40FE}.Debug|x86.ActiveCfg = Debug|Any CPU
		{24B95334-A6FA-48D2-8861-3651E17A40FE}.Debug|x86.Build.0 = Debug|Any CPU
		{24B95334-A6FA-48D2-8861-3651E17A40FE}.Release|Any CPU.ActiveCfg = Release|Any CPU
		{24B95334-A6FA-48D2-8861-3651E17A40FE}.Release|Any CPU.Build.0 = Release|Any CPU
		{24B95334-A6FA-48D2-8861-3651E17A40FE}.Release|x64.ActiveCfg = Release|Any CPU
		{24B95334-A6FA-48D2-8861-3651E17A40FE}.Release|x64.Build.0 = Release|Any CPU
		{24B95334-A6FA-48D2-8861-3651E17A40FE}.Release|x86.ActiveCfg = Release|Any CPU
		{24B95334-A6FA-48D2-8861-3651E17A40FE}.Release|x86.Build.0 = Release|Any CPU
	EndGlobalSection
EndGlobal
